
Microsoft Visual Studio Solution File, Format Version 12.00
# Visual Studio Version 17
VisualStudioVersion = 17.0.31612.314
MinimumVisualStudioVersion = 10.0.40219.1
Project("{FAE04EC0-301F-11D3-BF4B-00C04F79EFBC}") = "AzeChat", "AzeChat\AzeChat.csproj", "{AE961410-A389-4016-B45E-58889B3A6155}"
EndProject
Global
	GlobalSection(SolutionConfigurationPlatforms) = preSolution
		Debug|Any CPU = Debug|Any CPU
		Release|Any CPU = Release|Any CPU
	EndGlobalSection
	GlobalSection(ProjectConfigurationPlatforms) = postSolution
		{AE961410-A389-4016-B45E-58889B3A6155}.Debug|Any CPU.ActiveCfg = Debug|Any CPU
		{AE961410-A389-4016-B45E-58889B3A6155}.Debug|Any CPU.Build.0 = Debug|Any CPU
		{AE961410-A389-4016-B45E-58889B3A6155}.Release|Any CPU.ActiveCfg = Release|Any CPU
		{AE961410-A389-4016-B45E-58889B3A6155}.Release|Any CPU.Build.0 = Release|Any CPU
	EndGlobalSection
	GlobalSection(SolutionProperties) = preSolution
		HideSolutionNode = FALSE
	EndGlobalSection
	GlobalSection(ExtensibilityGlobals) = postSolution
		SolutionGuid = {4B8C05FE-5263-4CD0-A59B-F3D33DA1AC46}
	EndGlobalSection
EndGlobal
